// !$*UTF8*$!
{
	archiveVersion = 1;
	classes = {
	};
	objectVersion = 50;
	objects = {

/* Begin PBXBuildFile section */
		18B66FC0216C56C200534E0B /* AppDelegate.swift in Sources */ = {isa = PBXBuildFile; fileRef = 18B66FBF216C56C200534E0B /* AppDelegate.swift */; };
		18B66FC2216C56C200534E0B /* ViewController.swift in Sources */ = {isa = PBXBuildFile; fileRef = 18B66FC1216C56C200534E0B /* ViewController.swift */; };
		18B66FC5216C56C200534E0B /* Main.storyboard in Resources */ = {isa = PBXBuildFile; fileRef = 18B66FC3216C56C200534E0B /* Main.storyboard */; };
		18B66FC7216C56C800534E0B /* Assets.xcassets in Resources */ = {isa = PBXBuildFile; fileRef = 18B66FC6216C56C800534E0B /* Assets.xcassets */; };
		18B66FCA216C56C800534E0B /* LaunchScreen.storyboard in Resources */ = {isa = PBXBuildFile; fileRef = 18B66FC8216C56C800534E0B /* LaunchScreen.storyboard */; };
		18B66FD5216C56C900534E0B /* hw01Tests.swift in Sources */ = {isa = PBXBuildFile; fileRef = 18B66FD4216C56C900534E0B /* hw01Tests.swift */; };
		18B66FE0216C56C900534E0B /* hw01UITests.swift in Sources */ = {isa = PBXBuildFile; fileRef = 18B66FDF216C56C900534E0B /* hw01UITests.swift */; };
/* End PBXBuildFile section */

/* Begin PBXContainerItemProxy section */
		18B66FD1216C56C900534E0B /* PBXContainerItemProxy */ = {
			isa = PBXContainerItemProxy;
			containerPortal = 18B66FB4216C56C100534E0B /* Project object */;
			proxyType = 1;
			remoteGlobalIDString = 18B66FBB216C56C100534E0B;
			remoteInfo = hw01;
		};
		18B66FDC216C56C900534E0B /* PBXContainerItemProxy */ = {
			isa = PBXContainerItemProxy;
			containerPortal = 18B66FB4216C56C100534E0B /* Project object */;
			proxyType = 1;
			remoteGlobalIDString = 18B66FBB216C56C100534E0B;
			remoteInfo = hw01;
		};
/* End PBXContainerItemProxy section */

/* Begin PBXFileReference section */
		18B66FBC216C56C100534E0B /* hw01.app */ = {isa = PBXFileReference; explicitFileType = wrapper.application; includeInIndex = 0; path = hw01.app; sourceTree = BUILT_PRODUCTS_DIR; };
		18B66FBF216C56C200534E0B /* AppDelegate.swift */ = {isa = PBXFileReference; lastKnownFileType = sourcecode.swift; path = AppDelegate.swift; sourceTree = "<group>"; };
		18B66FC1216C56C200534E0B /* ViewController.swift */ = {isa = PBXFileReference; lastKnownFileType = sourcecode.swift; path = ViewController.swift; sourceTree = "<group>"; };
		18B66FC4216C56C200534E0B /* Base */ = {isa = PBXFileReference; lastKnownFileType = file.storyboard; name = Base; path = Base.lproj/Main.storyboard; sourceTree = "<group>"; };
		18B66FC6216C56C800534E0B /* Assets.xcassets */ = {isa = PBXFileReference; lastKnownFileType = folder.assetcatalog; path = Assets.xcassets; sourceTree = "<group>"; };
		18B66FC9216C56C800534E0B /* Base */ = {isa = PBXFileReference; lastKnownFileType = file.storyboard; name = Base; path = Base.lproj/LaunchScreen.storyboard; sourceTree = "<group>"; };
		18B66FCB216C56C800534E0B /* Info.plist */ = {isa = PBXFileReference; lastKnownFileType = text.plist.xml; path = Info.plist; sourceTree = "<group>"; };
		18B66FD0216C56C900534E0B /* hw01Tests.xctest */ = {isa = PBXFileReference; explicitFileType = wrapper.cfbundle; includeInIndex = 0; path = hw01Tests.xctest; sourceTree = BUILT_PRODUCTS_DIR; };
		18B66FD4216C56C900534E0B /* hw01Tests.swift */ = {isa = PBXFileReference; lastKnownFileType = sourcecode.swift; path = hw01Tests.swift; sourceTree = "<group>"; };
		18B66FD6216C56C900534E0B /* Info.plist */ = {isa = PBXFileReference; lastKnownFileType = text.plist.xml; path = Info.plist; sourceTree = "<group>"; };
		18B66FDB216C56C900534E0B /* hw01UITests.xctest */ = {isa = PBXFileReference; explicitFileType = wrapper.cfbundle; includeInIndex = 0; path = hw01UITests.xctest; sourceTree = BUILT_PRODUCTS_DIR; };
		18B66FDF216C56C900534E0B /* hw01UITests.swift */ = {isa = PBXFileReference; lastKnownFileType = sourcecode.swift; path = hw01UITests.swift; sourceTree = "<group>"; };
		18B66FE1216C56C900534E0B /* Info.plist */ = {isa = PBXFileReference; lastKnownFileType = text.plist.xml; path = Info.plist; sourceTree = "<group>"; };
/* End PBXFileReference section */

/* Begin PBXFrameworksBuildPhase section */
		18B66FB9216C56C100534E0B /* Frameworks */ = {
			isa = PBXFrameworksBuildPhase;
			buildActionMask = 2147483647;
			files = (
			);
			runOnlyForDeploymentPostprocessing = 0;
		};
		18B66FCD216C56C900534E0B /* Frameworks */ = {
			isa = PBXFrameworksBuildPhase;
			buildActionMask = 2147483647;
			files = (
			);
			runOnlyForDeploymentPostprocessing = 0;
		};
		18B66FD8216C56C900534E0B /* Frameworks */ = {
			isa = PBXFrameworksBuildPhase;
			buildActionMask = 2147483647;
			files = (
			);
			runOnlyForDeploymentPostprocessing = 0;
		};
/* End PBXFrameworksBuildPhase section */

/* Begin PBXGroup section */
		18B66FB3216C56C100534E0B = {
			isa = PBXGroup;
			children = (
				18B66FBE216C56C100534E0B /* hw01 */,
				18B66FD3216C56C900534E0B /* hw01Tests */,
				18B66FDE216C56C900534E0B /* hw01UITests */,
				18B66FBD216C56C100534E0B /* Products */,
			);
			sourceTree = "<group>";
		};
		18B66FBD216C56C100534E0B /* Products */ = {
			isa = PBXGroup;
			children = (
				18B66FBC216C56C100534E0B /* hw01.app */,
				18B66FD0216C56C900534E0B /* hw01Tests.xctest */,
				18B66FDB216C56C900534E0B /* hw01UITests.xctest */,
			);
			name = Products;
			sourceTree = "<group>";
		};
		18B66FBE216C56C100534E0B /* hw01 */ = {
			isa = PBXGroup;
			children = (
				18B66FBF216C56C200534E0B /* AppDelegate.swift */,
				18B66FC1216C56C200534E0B /* ViewController.swift */,
				18B66FC3216C56C200534E0B /* Main.storyboard */,
				18B66FC6216C56C800534E0B /* Assets.xcassets */,
				18B66FC8216C56C800534E0B /* LaunchScreen.storyboard */,
				18B66FCB216C56C800534E0B /* Info.plist */,
			);
			path = hw01;
			sourceTree = "<group>";
		};
		18B66FD3216C56C900534E0B /* hw01Tests */ = {
			isa = PBXGroup;
			children = (
				18B66FD4216C56C900534E0B /* hw01Tests.swift */,
				18B66FD6216C56C900534E0B /* Info.plist */,
			);
			path = hw01Tests;
			sourceTree = "<group>";
		};
		18B66FDE216C56C900534E0B /* hw01UITests */ = {
			isa = PBXGroup;
			children = (
				18B66FDF216C56C900534E0B /* hw01UITests.swift */,
				18B66FE1216C56C900534E0B /* Info.plist */,
			);
			path = hw01UITests;
			sourceTree = "<group>";
		};
/* End PBXGroup section */

/* Begin PBXNativeTarget section */
		18B66FBB216C56C100534E0B /* hw01 */ = {
			isa = PBXNativeTarget;
			buildConfigurationList = 18B66FE4216C56C900534E0B /* Build configuration list for PBXNativeTarget "hw01" */;
			buildPhases = (
				18B66FB8216C56C100534E0B /* Sources */,
				18B66FB9216C56C100534E0B /* Frameworks */,
				18B66FBA216C56C100534E0B /* Resources */,
			);
			buildRules = (
			);
			dependencies = (
			);
			name = hw01;
			productName = hw01;
			productReference = 18B66FBC216C56C100534E0B /* hw01.app */;
			productType = "com.apple.product-type.application";
		};
		18B66FCF216C56C900534E0B /* hw01Tests */ = {
			isa = PBXNativeTarget;
			buildConfigurationList = 18B66FE7216C56C900534E0B /* Build configuration list for PBXNativeTarget "hw01Tests" */;
			buildPhases = (
				18B66FCC216C56C900534E0B /* Sources */,
				18B66FCD216C56C900534E0B /* Frameworks */,
				18B66FCE216C56C900534E0B /* Resources */,
			);
			buildRules = (
			);
			dependencies = (
				18B66FD2216C56C900534E0B /* PBXTargetDependency */,
			);
			name = hw01Tests;
			productName = hw01Tests;
			productReference = 18B66FD0216C56C900534E0B /* hw01Tests.xctest */;
			productType = "com.apple.product-type.bundle.unit-test";
		};
		18B66FDA216C56C900534E0B /* hw01UITests */ = {
			isa = PBXNativeTarget;
			buildConfigurationList = 18B66FEA216C56C900534E0B /* Build configuration list for PBXNativeTarget "hw01UITests" */;
			buildPhases = (
				18B66FD7216C56C900534E0B /* Sources */,
				18B66FD8216C56C900534E0B /* Frameworks */,
				18B66FD9216C56C900534E0B /* Resources */,
			);
			buildRules = (
			);
			dependencies = (
				18B66FDD216C56C900534E0B /* PBXTargetDependency */,
			);
			name = hw01UITests;
			productName = hw01UITests;
			productReference = 18B66FDB216C56C900534E0B /* hw01UITests.xctest */;
			productType = "com.apple.product-type.bundle.ui-testing";
		};
/* End PBXNativeTarget section */

/* Begin PBXProject section */
		18B66FB4216C56C100534E0B /* Project object */ = {
			isa = PBXProject;
			attributes = {
				LastSwiftUpdateCheck = 1000;
				LastUpgradeCheck = 1000;
				ORGANIZATIONNAME = Apple;
				TargetAttributes = {
					18B66FBB216C56C100534E0B = {
						CreatedOnToolsVersion = 10.0;
					};
					18B66FCF216C56C900534E0B = {
						CreatedOnToolsVersion = 10.0;
						TestTargetID = 18B66FBB216C56C100534E0B;
					};
					18B66FDA216C56C900534E0B = {
						CreatedOnToolsVersion = 10.0;
						TestTargetID = 18B66FBB216C56C100534E0B;
					};
				};
			};
			buildConfigurationList = 18B66FB7216C56C100534E0B /* Build configuration list for PBXProject "hw01" */;
			compatibilityVersion = "Xcode 9.3";
			developmentRegion = en;
			hasScannedForEncodings = 0;
			knownRegions = (
				en,
				Base,
			);
			mainGroup = 18B66FB3216C56C100534E0B;
			productRefGroup = 18B66FBD216C56C100534E0B /* Products */;
			projectDirPath = "";
			projectRoot = "";
			targets = (
				18B66FBB216C56C100534E0B /* hw01 */,
				18B66FCF216C56C900534E0B /* hw01Tests */,
				18B66FDA216C56C900534E0B /* hw01UITests */,
			);
		};
/* End PBXProject section */

/* Begin PBXResourcesBuildPhase section */
		18B66FBA216C56C100534E0B /* Resources */ = {
			isa = PBXResourcesBuildPhase;
			buildActionMask = 2147483647;
			files = (
				18B66FCA216C56C800534E0B /* LaunchScreen.storyboard in Resources */,
				18B66FC7216C56C800534E0B /* Assets.xcassets in Resources */,
				18B66FC5216C56C200534E0B /* Main.storyboard in Resources */,
			);
			runOnlyForDeploymentPostprocessing = 0;
		};
		18B66FCE216C56C900534E0B /* Resources */ = {
			isa = PBXResourcesBuildPhase;
			buildActionMask = 2147483647;
			files = (
			);
			runOnlyForDeploymentPostprocessing = 0;
		};
		18B66FD9216C56C900534E0B /* Resources */ = {
			isa = PBXResourcesBuildPhase;
			buildActionMask = 2147483647;
			files = (
			);
			runOnlyForDeploymentPostprocessing = 0;
		};
/* End PBXResourcesBuildPhase section */

/* Begin PBXSourcesBuildPhase section */
		18B66FB8216C56C100534E0B /* Sources */ = {
			isa = PBXSourcesBuildPhase;
			buildActionMask = 2147483647;
			files = (
				18B66FC2216C56C200534E0B /* ViewController.swift in Sources */,
				18B66FC0216C56C200534E0B /* AppDelegate.swift in Sources */,
			);
			runOnlyForDeploymentPostprocessing = 0;
		};
		18B66FCC216C56C900534E0B /* Sources */ = {
			isa = PBXSourcesBuildPhase;
			buildActionMask = 2147483647;
			files = (
				18B66FD5216C56C900534E0B /* hw01Tests.swift in Sources */,
			);
			runOnlyForDeploymentPostprocessing = 0;
		};
		18B66FD7216C56C900534E0B /* Sources */ = {
			isa = PBXSourcesBuildPhase;
			buildActionMask = 2147483647;
			files = (
				18B66FE0216C56C900534E0B /* hw01UITests.swift in Sources */,
			);
			runOnlyForDeploymentPostprocessing = 0;
		};
/* End PBXSourcesBuildPhase section */

/* Begin PBXTargetDependency section */
		18B66FD2216C56C900534E0B /* PBXTargetDependency */ = {
			isa = PBXTargetDependency;
			target = 18B66FBB216C56C100534E0B /* hw01 */;
			targetProxy = 18B66FD1216C56C900534E0B /* PBXContainerItemProxy */;
		};
		18B66FDD216C56C900534E0B /* PBXTargetDependency */ = {
			isa = PBXTargetDependency;
			target = 18B66FBB216C56C100534E0B /* hw01 */;
			targetProxy = 18B66FDC216C56C900534E0B /* PBXContainerItemProxy */;
		};
/* End PBXTargetDependency section */

/* Begin PBXVariantGroup section */
		18B66FC3216C56C200534E0B /* Main.storyboard */ = {
			isa = PBXVariantGroup;
			children = (
				18B66FC4216C56C200534E0B /* Base */,
			);
			name = Main.storyboard;
			sourceTree = "<group>";
		};
		18B66FC8216C56C800534E0B /* LaunchScreen.storyboard */ = {
			isa = PBXVariantGroup;
			children = (
				18B66FC9216C56C800534E0B /* Base */,
			);
			name = LaunchScreen.storyboard;
			sourceTree = "<group>";
		};
/* End PBXVariantGroup section */

/* Begin XCBuildConfiguration section */
		18B66FE2216C56C900534E0B /* Debug */ = {
			isa = XCBuildConfiguration;
			buildSettings = {
				ALWAYS_SEARCH_USER_PATHS = NO;
				CLANG_ANALYZER_NONNULL = YES;
				CLANG_ANALYZER_NUMBER_OBJECT_CONVERSION = YES_AGGRESSIVE;
				CLANG_CXX_LANGUAGE_STANDARD = "gnu++14";
				CLANG_CXX_LIBRARY = "libc++";
				CLANG_ENABLE_MODULES = YES;
				CLANG_ENABLE_OBJC_ARC = YES;
				CLANG_ENABLE_OBJC_WEAK = YES;
				CLANG_WARN_BLOCK_CAPTURE_AUTORELEASING = YES;
				CLANG_WARN_BOOL_CONVERSION = YES;
				CLANG_WARN_COMMA = YES;
				CLANG_WARN_CONSTANT_CONVERSION = YES;
				CLANG_WARN_DEPRECATED_OBJC_IMPLEMENTATIONS = YES;
				CLANG_WARN_DIRECT_OBJC_ISA_USAGE = YES_ERROR;
				CLANG_WARN_DOCUMENTATION_COMMENTS = YES;
				CLANG_WARN_EMPTY_BODY = YES;
				CLANG_WARN_ENUM_CONVERSION = YES;
				CLANG_WARN_INFINITE_RECURSION = YES;
				CLANG_WARN_INT_CONVERSION = YES;
				CLANG_WARN_NON_LITERAL_NULL_CONVERSION = YES;
				CLANG_WARN_OBJC_IMPLICIT_RETAIN_SELF = YES;
				CLANG_WARN_OBJC_LITERAL_CONVERSION = YES;
				CLANG_WARN_OBJC_ROOT_CLASS = YES_ERROR;
				CLANG_WARN_RANGE_LOOP_ANALYSIS = YES;
				CLANG_WARN_STRICT_PROTOTYPES = YES;
				CLANG_WARN_SUSPICIOUS_MOVE = YES;
				CLANG_WARN_UNGUARDED_AVAILABILITY = YES_AGGRESSIVE;
				CLANG_WARN_UNREACHABLE_CODE = YES;
				CLANG_WARN__DUPLICATE_METHOD_MATCH = YES;
				CODE_SIGN_IDENTITY = "iPhone Developer";
				COPY_PHASE_STRIP = NO;
				DEBUG_INFORMATION_FORMAT = dwarf;
				ENABLE_STRICT_OBJC_MSGSEND = YES;
				ENABLE_TESTABILITY = YES;
				GCC_C_LANGUAGE_STANDARD = gnu11;
				GCC_DYNAMIC_NO_PIC = NO;
				GCC_NO_COMMON_BLOCKS = YES;
				GCC_OPTIMIZATION_LEVEL = 0;
				GCC_PREPROCESSOR_DEFINITIONS = (
					"DEBUG=1",
					"$(inherited)",
				);
				GCC_WARN_64_TO_32_BIT_CONVERSION = YES;
				GCC_WARN_ABOUT_RETURN_TYPE = YES_ERROR;
				GCC_WARN_UNDECLARED_SELECTOR = YES;
				GCC_WARN_UNINITIALIZED_AUTOS = YES_AGGRESSIVE;
				GCC_WARN_UNUSED_FUNCTION = YES;
				GCC_WARN_UNUSED_VARIABLE = YES;
				IPHONEOS_DEPLOYMENT_TARGET = 12.0;
				MTL_ENABLE_DEBUG_INFO = INCLUDE_SOURCE;
				MTL_FAST_MATH = YES;
				ONLY_ACTIVE_ARCH = YES;
				SDKROOT = iphoneos;
				SWIFT_ACTIVE_COMPILATION_CONDITIONS = DEBUG;
				SWIFT_OPTIMIZATION_LEVEL = "-Onone";
			};
			name = Debug;
		};
		18B66FE3216C56C900534E0B /* Release */ = {
			isa = XCBuildConfiguration;
			buildSettings = {
				ALWAYS_SEARCH_USER_PATHS = NO;
				CLANG_ANALYZER_NONNULL = YES;
				CLANG_ANALYZER_NUMBER_OBJECT_CONVERSION = YES_AGGRESSIVE;
				CLANG_CXX_LANGUAGE_STANDARD = "gnu++14";
				CLANG_CXX_LIBRARY = "libc++";
				CLANG_ENABLE_MODULES = YES;
				CLANG_ENABLE_OBJC_ARC = YES;
				CLANG_ENABLE_OBJC_WEAK = YES;
				CLANG_WARN_BLOCK_CAPTURE_AUTORELEASING = YES;
				CLANG_WARN_BOOL_CONVERSION = YES;
				CLANG_WARN_COMMA = YES;
				CLANG_WARN_CONSTANT_CONVERSION = YES;
				CLANG_WARN_DEPRECATED_OBJC_IMPLEMENTATIONS = YES;
				CLANG_WARN_DIRECT_OBJC_ISA_USAGE = YES_ERROR;
				CLANG_WARN_DOCUMENTATION_COMMENTS = YES;
				CLANG_WARN_EMPTY_BODY = YES;
				CLANG_WARN_ENUM_CONVERSION = YES;
				CLANG_WARN_INFINITE_RECURSION = YES;
				CLANG_WARN_INT_CONVERSION = YES;
				CLANG_WARN_NON_LITERAL_NULL_CONVERSION = YES;
				CLANG_WARN_OBJC_IMPLICIT_RETAIN_SELF = YES;
				CLANG_WARN_OBJC_LITERAL_CONVERSION = YES;
				CLANG_WARN_OBJC_ROOT_CLASS = YES_ERROR;
				CLANG_WARN_RANGE_LOOP_ANALYSIS = YES;
				CLANG_WARN_STRICT_PROTOTYPES = YES;
				CLANG_WARN_SUSPICIOUS_MOVE = YES;
				CLANG_WARN_UNGUARDED_AVAILABILITY = YES_AGGRESSIVE;
				CLANG_WARN_UNREACHABLE_CODE = YES;
				CLANG_WARN__DUPLICATE_METHOD_MATCH = YES;
				CODE_SIGN_IDENTITY = "iPhone Developer";
				COPY_PHASE_STRIP = NO;
				DEBUG_INFORMATION_FORMAT = "dwarf-with-dsym";
				ENABLE_NS_ASSERTIONS = NO;
				ENABLE_STRICT_OBJC_MSGSEND = YES;
				GCC_C_LANGUAGE_STANDARD = gnu11;
				GCC_NO_COMMON_BLOCKS = YES;
				GCC_WARN_64_TO_32_BIT_CONVERSION = YES;
				GCC_WARN_ABOUT_RETURN_TYPE = YES_ERROR;
				GCC_WARN_UNDECLARED_SELECTOR = YES;
				GCC_WARN_UNINITIALIZED_AUTOS = YES_AGGRESSIVE;
				GCC_WARN_UNUSED_FUNCTION = YES;
				GCC_WARN_UNUSED_VARIABLE = YES;
				IPHONEOS_DEPLOYMENT_TARGET = 12.0;
				MTL_ENABLE_DEBUG_INFO = NO;
				MTL_FAST_MATH = YES;
				SDKROOT = iphoneos;
				SWIFT_COMPILATION_MODE = wholemodule;
				SWIFT_OPTIMIZATION_LEVEL = "-O";
				VALIDATE_PRODUCT = YES;
			};
			name = Release;
		};
		18B66FE5216C56C900534E0B /* Debug */ = {
			isa = XCBuildConfiguration;
			buildSettings = {
				ASSETCATALOG_COMPILER_APPICON_NAME = AppIcon;
				CODE_SIGN_STYLE = Automatic;
				INFOPLIST_FILE = hw01/Info.plist;
				LD_RUNPATH_SEARCH_PATHS = (
					"$(inherited)",
					"@executable_path/Frameworks",
				);
				PRODUCT_BUNDLE_IDENTIFIER = shark.hw01;
				PRODUCT_NAME = "$(TARGET_NAME)";
				SWIFT_VERSION = 4.2;
				TARGETED_DEVICE_FAMILY = "1,2";
			};
			name = Debug;
		};
		18B66FE6216C56C900534E0B /* Release */ = {
			isa = XCBuildConfiguration;
			buildSettings = {
				ASSETCATALOG_COMPILER_APPICON_NAME = AppIcon;
				CODE_SIGN_STYLE = Automatic;
				INFOPLIST_FILE = hw01/Info.plist;
				LD_RUNPATH_SEARCH_PATHS = (
					"$(inherited)",
					"@executable_path/Frameworks",
				);
				PRODUCT_BUNDLE_IDENTIFIER = shark.hw01;
				PRODUCT_NAME = "$(TARGET_NAME)";
				SWIFT_VERSION = 4.2;
				TARGETED_DEVICE_FAMILY = "1,2";
			};
			name = Release;
		};
		18B66FE8216C56C900534E0B /* Debug */ = {
			isa = XCBuildConfiguration;
			buildSettings = {
				ALWAYS_EMBED_SWIFT_STANDARD_LIBRARIES = YES;
				BUNDLE_LOADER = "$(TEST_HOST)";
				CODE_SIGN_STYLE = Automatic;
				INFOPLIST_FILE = hw01Tests/Info.plist;
				LD_RUNPATH_SEARCH_PATHS = (
					"$(inherited)",
					"@executable_path/Frameworks",
					"@loader_path/Frameworks",
				);
				PRODUCT_BUNDLE_IDENTIFIER = shark.hw01Tests;
				PRODUCT_NAME = "$(TARGET_NAME)";
				SWIFT_VERSION = 4.2;
				TARGETED_DEVICE_FAMILY = "1,2";
				TEST_HOST = "$(BUILT_PRODUCTS_DIR)/hw01.app/hw01";
			};
			name = Debug;
		};
		18B66FE9216C56C900534E0B /* Release */ = {
			isa = XCBuildConfiguration;
			buildSettings = {
				ALWAYS_EMBED_SWIFT_STANDARD_LIBRARIES = YES;
				BUNDLE_LOADER = "$(TEST_HOST)";
				CODE_SIGN_STYLE = Automatic;
				INFOPLIST_FILE = hw01Tests/Info.plist;
				LD_RUNPATH_SEARCH_PATHS = (
					"$(inherited)",
					"@executable_path/Frameworks",
					"@loader_path/Frameworks",
				);
				PRODUCT_BUNDLE_IDENTIFIER = shark.hw01Tests;
				PRODUCT_NAME = "$(TARGET_NAME)";
				SWIFT_VERSION = 4.2;
				TARGETED_DEVICE_FAMILY = "1,2";
				TEST_HOST = "$(BUILT_PRODUCTS_DIR)/hw01.app/hw01";
			};
			name = Release;
		};
		18B66FEB216C56C900534E0B /* Debug */ = {
			isa = XCBuildConfiguration;
			buildSettings = {
				ALWAYS_EMBED_SWIFT_STANDARD_LIBRARIES = YES;
				CODE_SIGN_STYLE = Automatic;
				INFOPLIST_FILE = hw01UITests/Info.plist;
				LD_RUNPATH_SEARCH_PATHS = (
					"$(inherited)",
					"@executable_path/Frameworks",
					"@loader_path/Frameworks",
				);
				PRODUCT_BUNDLE_IDENTIFIER = shark.hw01UITests;
				PRODUCT_NAME = "$(TARGET_NAME)";
				SWIFT_VERSION = 4.2;
				TARGETED_DEVICE_FAMILY = "1,2";
				TEST_TARGET_NAME = hw01;
			};
			name = Debug;
		};
		18B66FEC216C56C900534E0B /* Release */ = {
			isa = XCBuildConfiguration;
			buildSettings = {
				ALWAYS_EMBED_SWIFT_STANDARD_LIBRARIES = YES;
				CODE_SIGN_STYLE = Automatic;
				INFOPLIST_FILE = hw01UITests/Info.plist;
				LD_RUNPATH_SEARCH_PATHS = (
					"$(inherited)",
					"@executable_path/Frameworks",
					"@loader_path/Frameworks",
				);
				PRODUCT_BUNDLE_IDENTIFIER = shark.hw01UITests;
				PRODUCT_NAME = "$(TARGET_NAME)";
				SWIFT_VERSION = 4.2;
				TARGETED_DEVICE_FAMILY = "1,2";
				TEST_TARGET_NAME = hw01;
			};
			name = Release;
		};
/* End XCBuildConfiguration section */

/* Begin XCConfigurationList section */
		18B66FB7216C56C100534E0B /* Build configuration list for PBXProject "hw01" */ = {
			isa = XCConfigurationList;
			buildConfigurations = (
				18B66FE2216C56C900534E0B /* Debug */,
				18B66FE3216C56C900534E0B /* Release */,
			);
			defaultConfigurationIsVisible = 0;
			defaultConfigurationName = Release;
		};
		18B66FE4216C56C900534E0B /* Build configuration list for PBXNativeTarget "hw01" */ = {
			isa = XCConfigurationList;
			buildConfigurations = (
				18B66FE5216C56C900534E0B /* Debug */,
				18B66FE6216C56C900534E0B /* Release */,
			);
			defaultConfigurationIsVisible = 0;
			defaultConfigurationName = Release;
		};
		18B66FE7216C56C900534E0B /* Build configuration list for PBXNativeTarget "hw01Tests" */ = {
			isa = XCConfigurationList;
			buildConfigurations = (
				18B66FE8216C56C900534E0B /* Debug */,
				18B66FE9216C56C900534E0B /* Release */,
			);
			defaultConfigurationIsVisible = 0;
			defaultConfigurationName = Release;
		};
		18B66FEA216C56C900534E0B /* Build configuration list for PBXNativeTarget "hw01UITests" */ = {
			isa = XCConfigurationList;
			buildConfigurations = (
				18B66FEB216C56C900534E0B /* Debug */,
				18B66FEC216C56C900534E0B /* Release */,
			);
			defaultConfigurationIsVisible = 0;
			defaultConfigurationName = Release;
		};
/* End XCConfigurationList section */
	};
	rootObject = 18B66FB4216C56C100534E0B /* Project object */;
}
